{
  "name": "hydrogen-ir-sim",
  "version": "0.0.1",
  "lockfileVersion": 2,
  "requires": true,
  "packages": {
    "": {
      "name": "hydrogen-ir-sim",
      "version": "0.0.1",
      "hasInstallScript": true,
      "license": "MIT",
      "dependencies": {
        "serialport": "^10.4.0"
      }
    },
    "node_modules/@serialport/binding-mock": {
      "version": "10.2.2",
      "license": "MIT",
      "dependencies": {
        "@serialport/bindings-interface": "^1.2.1",
        "debug": "^4.3.3"
      },
      "engines": {
        "node": ">=12.0.0"
      }
    },
    "node_modules/@serialport/bindings-cpp": {
      "version": "10.7.0",
      "hasInstallScript": true,
      "license": "MIT",
      "dependencies": {
        "@serialport/bindings-interface": "1.2.1",
        "@serialport/parser-readline": "^10.2.1",
        "debug": "^4.3.2",
        "node-addon-api": "^4.3.0",
        "node-gyp-build": "^4.3.0"
      },
      "engines": {
        "node": ">=12.17.0 <13.0 || >=14.0.0"
      },
      "funding": {
        "url": "https://opencollective.com/serialport/donate"
      }
    },
    "node_modules/@serialport/bindings-interface": {
      "version": "1.2.1",
      "license": "MIT",
      "engines": {
        "node": "^12.22 || ^14.13 || >=16"
      }
    },
    "node_modules/@serialport/parser-byte-length": {
      "version": "10.3.0",
      "license": "MIT",
      "engines": {
        "node": ">=12.0.0"
      },
      "funding": {
        "url": "https://opencollective.com/serialport/donate"
      }
    },
    "node_modules/@serialport/parser-cctalk": {
      "version": "10.3.0",
      "license": "MIT",
      "engines": {
        "node": ">=12.0.0"
      },
      "funding": {
        "url": "https://opencollective.com/serialport/donate"
      }
    },
    "node_modules/@serialport/parser-delimiter": {
      "version": "10.3.0",
      "license": "MIT",
      "engines": {
        "node": ">=12.0.0"
      },
      "funding": {
        "url": "https://opencollective.com/serialport/donate"
      }
    },
    "node_modules/@serialport/parser-inter-byte-timeout": {
      "version": "10.3.0",
      "license": "MIT",
      "engines": {
        "node": ">=12.0.0"
      },
      "funding": {
        "url": "https://opencollective.com/serialport/donate"
      }
    },
    "node_modules/@serialport/parser-packet-length": {
      "version": "10.3.0",
      "license": "MIT",
      "engines": {
        "node": ">=8.6.0"
      }
    },
    "node_modules/@serialport/parser-readline": {
      "version": "10.3.0",
      "license": "MIT",
      "dependencies": {
        "@serialport/parser-delimiter": "10.3.0"
      },
      "engines": {
        "node": ">=12.0.0"
      },
      "funding": {
        "url": "https://opencollective.com/serialport/donate"
      }
    },
    "node_modules/@serialport/parser-ready": {
      "version": "10.3.0",
      "license": "MIT",
      "engines": {
        "node": ">=12.0.0"
      },
      "funding": {
        "url": "https://opencollective.com/serialport/donate"
      }
    },
    "node_modules/@serialport/parser-regex": {
      "version": "10.3.0",
      "license": "MIT",
      "engines": {
        "node": ">=12.0.0"
      },
      "funding": {
        "url": "https://opencollective.com/serialport/donate"
      }
    },
    "node_modules/@serialport/parser-slip-encoder": {
      "version": "10.3.0",
      "license": "MIT",
      "engines": {
        "node": ">=12.0.0"
      },
      "funding": {
        "url": "https://opencollective.com/serialport/donate"
      }
    },
    "node_modules/@serialport/parser-spacepacket": {
      "version": "10.3.0",
      "license": "MIT",
      "engines": {
        "node": ">=12.0.0"
      },
      "funding": {
        "url": "https://opencollective.com/serialport/donate"
      }
    },
    "node_modules/@serialport/stream": {
      "version": "10.3.0",
      "license": "MIT",
      "dependencies": {
        "@serialport/bindings-interface": "1.2.1",
        "debug": "^4.3.2"
      },
      "engines": {
        "node": ">=12.0.0"
      },
      "funding": {
        "url": "https://opencollective.com/serialport/donate"
      }
    },
    "node_modules/debug": {
      "version": "4.3.4",
      "license": "MIT",
      "dependencies": {
        "ms": "2.1.2"
      },
      "engines": {
        "node": ">=6.0"
      },
      "peerDependenciesMeta": {
        "supports-color": {
          "optional": true
        }
      }
    },
    "node_modules/ms": {
      "version": "2.1.2",
      "license": "MIT"
    },
    "node_modules/node-addon-api": {
      "version": "4.3.0",
      "license": "MIT"
    },
    "node_modules/node-gyp-build": {
      "version": "4.4.0",
      "license": "MIT",
      "bin": {
        "node-gyp-build": "bin.js",
        "node-gyp-build-optional": "optional.js",
        "node-gyp-build-test": "build-test.js"
      }
    },
    "node_modules/serialport": {
      "version": "10.4.0",
      "license": "MIT",
      "dependencies": {
        "@serialport/binding-mock": "10.2.2",
        "@serialport/bindings-cpp": "10.7.0",
        "@serialport/parser-byte-length": "10.3.0",
        "@serialport/parser-cctalk": "10.3.0",
        "@serialport/parser-delimiter": "10.3.0",
        "@serialport/parser-inter-byte-timeout": "10.3.0",
        "@serialport/parser-packet-length": "10.3.0",
        "@serialport/parser-readline": "10.3.0",
        "@serialport/parser-ready": "10.3.0",
        "@serialport/parser-regex": "10.3.0",
        "@serialport/parser-slip-encoder": "10.3.0",
        "@serialport/parser-spacepacket": "10.3.0",
        "@serialport/stream": "10.3.0",
        "debug": "^4.3.3"
      },
      "engines": {
        "node": ">=12.0.0"
      },
      "funding": {
        "url": "https://opencollective.com/serialport/donate"
      }
    }
  },
  "dependencies": {
    "@serialport/binding-mock": {
      "version": "10.2.2",
      "requires": {
        "@serialport/bindings-interface": "^1.2.1",
        "debug": "^4.3.3"
      }
    },
    "@serialport/bindings-cpp": {
      "version": "10.7.0",
      "requires": {
        "@serialport/bindings-interface": "1.2.1",
        "@serialport/parser-readline": "^10.2.1",
        "debug": "^4.3.2",
        "node-addon-api": "^4.3.0",
        "node-gyp-build": "^4.3.0"
      }
    },
    "@serialport/bindings-interface": {
      "version": "1.2.1"
    },
    "@serialport/parser-byte-length": {
      "version": "10.3.0"
    },
    "@serialport/parser-cctalk": {
      "version": "10.3.0"
    },
    "@serialport/parser-delimiter": {
      "version": "10.3.0"
    },
    "@serialport/parser-inter-byte-timeout": {
      "version": "10.3.0"
    },
    "@serialport/parser-packet-length": {
      "version": "10.3.0"
    },
    "@serialport/parser-readline": {
      "version": "10.3.0",
      "requires": {
        "@serialport/parser-delimiter": "10.3.0"
      }
    },
    "@serialport/parser-ready": {
      "version": "10.3.0"
    },
    "@serialport/parser-regex": {
      "version": "10.3.0"
    },
    "@serialport/parser-slip-encoder": {
      "version": "10.3.0"
    },
    "@serialport/parser-spacepacket": {
      "version": "10.3.0"
    },
    "@serialport/stream": {
      "version": "10.3.0",
      "requires": {
        "@serialport/bindings-interface": "1.2.1",
        "debug": "^4.3.2"
      }
    },
    "debug": {
      "version": "4.3.4",
      "requires": {
        "ms": "2.1.2"
      }
    },
    "ms": {
      "version": "2.1.2"
    },
    "node-addon-api": {
      "version": "4.3.0"
    },
    "node-gyp-build": {
      "version": "4.4.0"
    },
    "serialport": {
      "version": "10.4.0",
      "requires": {
        "@serialport/binding-mock": "10.2.2",
        "@serialport/bindings-cpp": "10.7.0",
        "@serialport/parser-byte-length": "10.3.0",
        "@serialport/parser-cctalk": "10.3.0",
        "@serialport/parser-delimiter": "10.3.0",
        "@serialport/parser-inter-byte-timeout": "10.3.0",
        "@serialport/parser-packet-length": "10.3.0",
        "@serialport/parser-readline": "10.3.0",
        "@serialport/parser-ready": "10.3.0",
        "@serialport/parser-regex": "10.3.0",
        "@serialport/parser-slip-encoder": "10.3.0",
        "@serialport/parser-spacepacket": "10.3.0",
        "@serialport/stream": "10.3.0",
        "debug": "^4.3.3"
      }
    }
  }
}
